
Microsoft Visual Studio Solution File, Format Version 12.00
# Visual Studio Version 17
VisualStudioVersion = 17.0.31717.71
MinimumVisualStudioVersion = 10.0.40219.1
Project("{FAE04EC0-301F-11D3-BF4B-00C04F79EFBC}") = "Ghostly.Uwp", "Ghostly.Uwp\Ghostly.Uwp.csproj", "{D084A6C9-71C2-4D12-96E5-64F713F08F8D}"
EndProject
Project("{9A19103F-16F7-4668-BE54-9A1E7A4F7556}") = "Ghostly", "Ghostly\Ghostly.csproj", "{58E6D144-DB1E-415B-8F40-2FB54F293DDE}"
EndProject
Project("{9A19103F-16F7-4668-BE54-9A1E7A4F7556}") = "Ghostly.Tests", "Ghostly.Tests\Ghostly.Tests.csproj", "{4F17E464-A0AE-4451-9AB7-95D0FCD2DC92}"
EndProject
Project("{9A19103F-16F7-4668-BE54-9A1E7A4F7556}") = "Ghostly.Core", "Ghostly.Core\Ghostly.Core.csproj", "{D9774C3B-6584-4379-ABCD-45E67F239771}"
EndProject
Project("{2150E333-8FDC-42A3-9474-1A3956D46DE8}") = "External", "External", "{23E81EEE-047C-44A0-82E2-0155BC4AE7A2}"
EndProject
Project("{9A19103F-16F7-4668-BE54-9A1E7A4F7556}") = "Octokit", "..\lib\octokit\Octokit\Octokit.csproj", "{69CAB04E-32D1-4EB9-AFA3-C796FABB8611}"
EndProject
Project("{9A19103F-16F7-4668-BE54-9A1E7A4F7556}") = "Ghostly.GitHub", "Ghostly.GitHub\Ghostly.GitHub.csproj", "{3694CFF0-8191-4D00-A85B-7929C19BFF2D}"
EndProject
Project("{9A19103F-16F7-4668-BE54-9A1E7A4F7556}") = "Ghostly.Core.Tests", "Ghostly.Core.Tests\Ghostly.Core.Tests.csproj", "{B300E6AD-6B1F-43B4-B51F-D80562DB245B}"
EndProject
Project("{9A19103F-16F7-4668-BE54-9A1E7A4F7556}") = "Ghostly.Testing", "Ghostly.Testing\Ghostly.Testing.csproj", "{C46060E6-DA74-40EA-BEE5-4739D06210BC}"
EndProject
Project("{2150E333-8FDC-42A3-9474-1A3956D46DE8}") = "Vendors", "Vendors", "{47F9435B-499F-4A23-9C55-D6E5647016B7}"
EndProject
Project("{9A19103F-16F7-4668-BE54-9A1E7A4F7556}") = "Ghostly.GitHub.Tests", "Ghostly.GitHub.Tests\Ghostly.GitHub.Tests.csproj", "{8B5C1B08-EE11-45C3-A6C3-40E830F2482D}"
EndProject
Project("{2150E333-8FDC-42A3-9474-1A3956D46DE8}") = "Solution Items", "Solution Items", "{605C83FF-C6B7-49BA-B1A2-8DB2D3A32BDE}"
	ProjectSection(SolutionItems) = preProject
		.editorconfig = .editorconfig
	EndProjectSection
EndProject
Project("{9A19103F-16F7-4668-BE54-9A1E7A4F7556}") = "Ghostly.Data", "Ghostly.Data\Ghostly.Data.csproj", "{28CB762C-1D57-4360-93AE-65B5368ECB0D}"
EndProject
Global
	GlobalSection(SolutionConfigurationPlatforms) = preSolution
		Debug|Any CPU = Debug|Any CPU
		Debug|ARM = Debug|ARM
		Debug|ARM64 = Debug|ARM64
		Debug|x64 = Debug|x64
		Debug|x86 = Debug|x86
		Release|Any CPU = Release|Any CPU
		Release|ARM = Release|ARM
		Release|ARM64 = Release|ARM64
		Release|x64 = Release|x64
		Release|x86 = Release|x86
	EndGlobalSection
	GlobalSection(ProjectConfigurationPlatforms) = postSolution
		{D084A6C9-71C2-4D12-96E5-64F713F08F8D}.Debug|Any CPU.ActiveCfg = Debug|x86
		{D084A6C9-71C2-4D12-96E5-64F713F08F8D}.Debug|Any CPU.Build.0 = Debug|x86
		{D084A6C9-71C2-4D12-96E5-64F713F08F8D}.Debug|Any CPU.Deploy.0 = Debug|x86
		{D084A6C9-71C2-4D12-96E5-64F713F08F8D}.Debug|ARM.ActiveCfg = Debug|ARM
		{D084A6C9-71C2-4D12-96E5-64F713F08F8D}.Debug|ARM.Build.0 = Debug|ARM
		{D084A6C9-71C2-4D12-96E5-64F713F08F8D}.Debug|ARM.Deploy.0 = Debug|ARM
		{D084A6C9-71C2-4D12-96E5-64F713F08F8D}.Debug|ARM64.ActiveCfg = Debug|ARM64
		{D084A6C9-71C2-4D12-96E5-64F713F08F8D}.Debug|ARM64.Build.0 = Debug|ARM64
		{D084A6C9-71C2-4D12-96E5-64F713F08F8D}.Debug|ARM64.Deploy.0 = Debug|ARM64
		{D084A6C9-71C2-4D12-96E5-64F713F08F8D}.Debug|x64.ActiveCfg = Debug|x64
		{D084A6C9-71C2-4D12-96E5-64F713F08F8D}.Debug|x64.Build.0 = Debug|x64
		{D084A6C9-71C2-4D12-96E5-64F713F08F8D}.Debug|x64.Deploy.0 = Debug|x64
		{D084A6C9-71C2-4D12-96E5-64F713F08F8D}.Debug|x86.ActiveCfg = Debug|x86
		{D084A6C9-71C2-4D12-96E5-64F713F08F8D}.Debug|x86.Build.0 = Debug|x86
		{D084A6C9-71C2-4D12-96E5-64F713F08F8D}.Debug|x86.Deploy.0 = Debug|x86
		{D084A6C9-71C2-4D12-96E5-64F713F08F8D}.Release|Any CPU.ActiveCfg = Release|x86
		{D084A6C9-71C2-4D12-96E5-64F713F08F8D}.Release|Any CPU.Build.0 = Release|x86
		{D084A6C9-71C2-4D12-96E5-64F713F08F8D}.Release|ARM.ActiveCfg = Release|ARM
		{D084A6C9-71C2-4D12-96E5-64F713F08F8D}.Release|ARM.Build.0 = Release|ARM
		{D084A6C9-71C2-4D12-96E5-64F713F08F8D}.Release|ARM.Deploy.0 = Release|ARM
		{D084A6C9-71C2-4D12-96E5-64F713F08F8D}.Release|ARM64.ActiveCfg = Release|ARM64
		{D084A6C9-71C2-4D12-96E5-64F713F08F8D}.Release|ARM64.Build.0 = Release|ARM64
		{D084A6C9-71C2-4D12-96E5-64F713F08F8D}.Release|ARM64.Deploy.0 = Release|ARM64
		{D084A6C9-71C2-4D12-96E5-64F713F08F8D}.Release|x64.ActiveCfg = Release|x64
		{D084A6C9-71C2-4D12-96E5-64F713F08F8D}.Release|x64.Build.0 = Release|x64
		{D084A6C9-71C2-4D12-96E5-64F713F08F8D}.Release|x64.Deploy.0 = Release|x64
		{D084A6C9-71C2-4D12-96E5-64F713F08F8D}.Release|x86.ActiveCfg = Release|x86
		{D084A6C9-71C2-4D12-96E5-64F713F08F8D}.Release|x86.Build.0 = Release|x86
		{D084A6C9-71C2-4D12-96E5-64F713F08F8D}.Release|x86.Deploy.0 = Release|x86
		{58E6D144-DB1E-415B-8F40-2FB54F293DDE}.Debug|Any CPU.ActiveCfg = Debug|Any CPU
		{58E6D144-DB1E-415B-8F40-2FB54F293DDE}.Debug|Any CPU.Build.0 = Debug|Any CPU
		{58E6D144-DB1E-415B-8F40-2FB54F293DDE}.Debug|ARM.ActiveCfg = Debug|Any CPU
		{58E6D144-DB1E-415B-8F40-2FB54F293DDE}.Debug|ARM.Build.0 = Debug|Any CPU
		{58E6D144-DB1E-415B-8F40-2FB54F293DDE}.Debug|ARM64.ActiveCfg = Debug|Any CPU
		{58E6D144-DB1E-415B-8F40-2FB54F293DDE}.Debug|ARM64.Build.0 = Debug|Any CPU
		{58E6D144-DB1E-415B-8F40-2FB54F293DDE}.Debug|x64.ActiveCfg = Debug|Any CPU
		{58E6D144-DB1E-415B-8F40-2FB54F293DDE}.Debug|x64.Build.0 = Debug|Any CPU
		{58E6D144-DB1E-415B-8F40-2FB54F293DDE}.Debug|x86.ActiveCfg = Debug|Any CPU
		{58E6D144-DB1E-415B-8F40-2FB54F293DDE}.Debug|x86.Build.0 = Debug|Any CPU
		{58E6D144-DB1E-415B-8F40-2FB54F293DDE}.Release|Any CPU.ActiveCfg = Release|Any CPU
		{58E6D144-DB1E-415B-8F40-2FB54F293DDE}.Release|Any CPU.Build.0 = Release|Any CPU
		{58E6D144-DB1E-415B-8F40-2FB54F293DDE}.Release|ARM.ActiveCfg = Release|Any CPU
		{58E6D144-DB1E-415B-8F40-2FB54F293DDE}.Release|ARM.Build.0 = Release|Any CPU
		{58E6D144-DB1E-415B-8F40-2FB54F293DDE}.Release|ARM64.ActiveCfg = Release|Any CPU
		{58E6D144-DB1E-415B-8F40-2FB54F293DDE}.Release|ARM64.Build.0 = Release|Any CPU
		{58E6D144-DB1E-415B-8F40-2FB54F293DDE}.Release|x64.ActiveCfg = Release|Any CPU
		{58E6D144-DB1E-415B-8F40-2FB54F293DDE}.Release|x64.Build.0 = Release|Any CPU
		{58E6D144-DB1E-415B-8F40-2FB54F293DDE}.Release|x86.ActiveCfg = Release|Any CPU
		{58E6D144-DB1E-415B-8F40-2FB54F293DDE}.Release|x86.Build.0 = Release|Any CPU
		{4F17E464-A0AE-4451-9AB7-95D0FCD2DC92}.Debug|Any CPU.ActiveCfg = Debug|Any CPU
		{4F17E464-A0AE-4451-9AB7-95D0FCD2DC92}.Debug|Any CPU.Build.0 = Debug|Any CPU
		{4F17E464-A0AE-4451-9AB7-95D0FCD2DC92}.Debug|ARM.ActiveCfg = Debug|Any CPU
		{4F17E464-A0AE-4451-9AB7-95D0FCD2DC92}.Debug|ARM.Build.0 = Debug|Any CPU
		{4F17E464-A0AE-4451-9AB7-95D0FCD2DC92}.Debug|ARM64.ActiveCfg = Debug|Any CPU
		{4F17E464-A0AE-4451-9AB7-95D0FCD2DC92}.Debug|ARM64.Build.0 = Debug|Any CPU
		{4F17E464-A0AE-4451-9AB7-95D0FCD2DC92}.Debug|x64.ActiveCfg = Debug|Any CPU
		{4F17E464-A0AE-4451-9AB7-95D0FCD2DC92}.Debug|x64.Build.0 = Debug|Any CPU
		{4F17E464-A0AE-4451-9AB7-95D0FCD2DC92}.Debug|x86.ActiveCfg = Debug|Any CPU
		{4F17E464-A0AE-4451-9AB7-95D0FCD2DC92}.Debug|x86.Build.0 = Debug|Any CPU
		{4F17E464-A0AE-4451-9AB7-95D0FCD2DC92}.Release|Any CPU.ActiveCfg = Release|Any CPU
		{4F17E464-A0AE-4451-9AB7-95D0FCD2DC92}.Release|Any CPU.Build.0 = Release|Any CPU
		{4F17E464-A0AE-4451-9AB7-95D0FCD2DC92}.Release|ARM.ActiveCfg = Release|Any CPU
		{4F17E464-A0AE-4451-9AB7-95D0FCD2DC92}.Release|ARM.Build.0 = Release|Any CPU
		{4F17E464-A0AE-4451-9AB7-95D0FCD2DC92}.Release|ARM64.ActiveCfg = Release|Any CPU
		{4F17E464-A0AE-4451-9AB7-95D0FCD2DC92}.Release|ARM64.Build.0 = Release|Any CPU
		{4F17E464-A0AE-4451-9AB7-95D0FCD2DC92}.Release|x64.ActiveCfg = Release|Any CPU
		{4F17E464-A0AE-4451-9AB7-95D0FCD2DC92}.Release|x64.Build.0 = Release|Any CPU
		{4F17E464-A0AE-4451-9AB7-95D0FCD2DC92}.Release|x86.ActiveCfg = Release|Any CPU
		{4F17E464-A0AE-4451-9AB7-95D0FCD2DC92}.Release|x86.Build.0 = Release|Any CPU
		{D9774C3B-6584-4379-ABCD-45E67F239771}.Debug|Any CPU.ActiveCfg = Debug|Any CPU
		{D9774C3B-6584-4379-ABCD-45E67F239771}.Debug|Any CPU.Build.0 = Debug|Any CPU
		{D9774C3B-6584-4379-ABCD-45E67F239771}.Debug|ARM.ActiveCfg = Debug|Any CPU
		{D9774C3B-6584-4379-ABCD-45E67F239771}.Debug|ARM.Build.0 = Debug|Any CPU
		{D9774C3B-6584-4379-ABCD-45E67F239771}.Debug|ARM64.ActiveCfg = Debug|Any CPU
		{D9774C3B-6584-4379-ABCD-45E67F239771}.Debug|ARM64.Build.0 = Debug|Any CPU
		{D9774C3B-6584-4379-ABCD-45E67F239771}.Debug|x64.ActiveCfg = Debug|Any CPU
		{D9774C3B-6584-4379-ABCD-45E67F239771}.Debug|x64.Build.0 = Debug|Any CPU
		{D9774C3B-6584-4379-ABCD-45E67F239771}.Debug|x86.ActiveCfg = Debug|Any CPU
		{D9774C3B-6584-4379-ABCD-45E67F239771}.Debug|x86.Build.0 = Debug|Any CPU
		{D9774C3B-6584-4379-ABCD-45E67F239771}.Release|Any CPU.ActiveCfg = Release|Any CPU
		{D9774C3B-6584-4379-ABCD-45E67F239771}.Release|Any CPU.Build.0 = Release|Any CPU
		{D9774C3B-6584-4379-ABCD-45E67F239771}.Release|ARM.ActiveCfg = Release|Any CPU
		{D9774C3B-6584-4379-ABCD-45E67F239771}.Release|ARM.Build.0 = Release|Any CPU
		{D9774C3B-6584-4379-ABCD-45E67F239771}.Release|ARM64.ActiveCfg = Release|Any CPU
		{D9774C3B-6584-4379-ABCD-45E67F239771}.Release|ARM64.Build.0 = Release|Any CPU
		{D9774C3B-6584-4379-ABCD-45E67F239771}.Release|x64.ActiveCfg = Release|Any CPU
		{D9774C3B-6584-4379-ABCD-45E67F239771}.Release|x64.Build.0 = Release|Any CPU
		{D9774C3B-6584-4379-ABCD-45E67F239771}.Release|x86.ActiveCfg = Release|Any CPU
		{D9774C3B-6584-4379-ABCD-45E67F239771}.Release|x86.Build.0 = Release|Any CPU
		{69CAB04E-32D1-4EB9-AFA3-C796FABB8611}.Debug|Any CPU.ActiveCfg = Debug|Any CPU
		{69CAB04E-32D1-4EB9-AFA3-C796FABB8611}.Debug|Any CPU.Build.0 = Debug|Any CPU
		{69CAB04E-32D1-4EB9-AFA3-C796FABB8611}.Debug|ARM.ActiveCfg = Debug|Any CPU
		{69CAB04E-32D1-4EB9-AFA3-C796FABB8611}.Debug|ARM.Build.0 = Debug|Any CPU
		{69CAB04E-32D1-4EB9-AFA3-C796FABB8611}.Debug|ARM64.ActiveCfg = Debug|Any CPU
		{69CAB04E-32D1-4EB9-AFA3-C796FABB8611}.Debug|ARM64.Build.0 = Debug|Any CPU
		{69CAB04E-32D1-4EB9-AFA3-C796FABB8611}.Debug|x64.ActiveCfg = Debug|Any CPU
		{69CAB04E-32D1-4EB9-AFA3-C796FABB8611}.Debug|x64.Build.0 = Debug|Any CPU
		{69CAB04E-32D1-4EB9-AFA3-C796FABB8611}.Debug|x86.ActiveCfg = Debug|Any CPU
		{69CAB04E-32D1-4EB9-AFA3-C796FABB8611}.Debug|x86.Build.0 = Debug|Any CPU
		{69CAB04E-32D1-4EB9-AFA3-C796FABB8611}.Release|Any CPU.ActiveCfg = Release|Any CPU
		{69CAB04E-32D1-4EB9-AFA3-C796FABB8611}.Release|Any CPU.Build.0 = Release|Any CPU
		{69CAB04E-32D1-4EB9-AFA3-C796FABB8611}.Release|ARM.ActiveCfg = Release|Any CPU
		{69CAB04E-32D1-4EB9-AFA3-C796FABB8611}.Release|ARM.Build.0 = Release|Any CPU
		{69CAB04E-32D1-4EB9-AFA3-C796FABB8611}.Release|ARM64.ActiveCfg = Release|Any CPU
		{69CAB04E-32D1-4EB9-AFA3-C796FABB8611}.Release|ARM64.Build.0 = Release|Any CPU
		{69CAB04E-32D1-4EB9-AFA3-C796FABB8611}.Release|x64.ActiveCfg = Release|Any CPU
		{69CAB04E-32D1-4EB9-AFA3-C796FABB8611}.Release|x64.Build.0 = Release|Any CPU
		{69CAB04E-32D1-4EB9-AFA3-C796FABB8611}.Release|x86.ActiveCfg = Release|Any CPU
		{69CAB04E-32D1-4EB9-AFA3-C796FABB8611}.Release|x86.Build.0 = Release|Any CPU
		{3694CFF0-8191-4D00-A85B-7929C19BFF2D}.Debug|Any CPU.ActiveCfg = Debug|Any CPU
		{3694CFF0-8191-4D00-A85B-7929C19BFF2D}.Debug|Any CPU.Build.0 = Debug|Any CPU
		{3694CFF0-8191-4D00-A85B-7929C19BFF2D}.Debug|ARM.ActiveCfg = Debug|Any CPU
		{3694CFF0-8191-4D00-A85B-7929C19BFF2D}.Debug|ARM.Build.0 = Debug|Any CPU
		{3694CFF0-8191-4D00-A85B-7929C19BFF2D}.Debug|ARM64.ActiveCfg = Debug|Any CPU
		{3694CFF0-8191-4D00-A85B-7929C19BFF2D}.Debug|ARM64.Build.0 = Debug|Any CPU
		{3694CFF0-8191-4D00-A85B-7929C19BFF2D}.Debug|x64.ActiveCfg = Debug|Any CPU
		{3694CFF0-8191-4D00-A85B-7929C19BFF2D}.Debug|x64.Build.0 = Debug|Any CPU
		{3694CFF0-8191-4D00-A85B-7929C19BFF2D}.Debug|x86.ActiveCfg = Debug|Any CPU
		{3694CFF0-8191-4D00-A85B-7929C19BFF2D}.Debug|x86.Build.0 = Debug|Any CPU
		{3694CFF0-8191-4D00-A85B-7929C19BFF2D}.Release|Any CPU.ActiveCfg = Release|Any CPU
		{3694CFF0-8191-4D00-A85B-7929C19BFF2D}.Release|Any CPU.Build.0 = Release|Any CPU
		{3694CFF0-8191-4D00-A85B-7929C19BFF2D}.Release|ARM.ActiveCfg = Release|Any CPU
		{3694CFF0-8191-4D00-A85B-7929C19BFF2D}.Release|ARM.Build.0 = Release|Any CPU
		{3694CFF0-8191-4D00-A85B-7929C19BFF2D}.Release|ARM64.ActiveCfg = Release|Any CPU
		{3694CFF0-8191-4D00-A85B-7929C19BFF2D}.Release|ARM64.Build.0 = Release|Any CPU
		{3694CFF0-8191-4D00-A85B-7929C19BFF2D}.Release|x64.ActiveCfg = Release|Any CPU
		{3694CFF0-8191-4D00-A85B-7929C19BFF2D}.Release|x64.Build.0 = Release|Any CPU
		{3694CFF0-8191-4D00-A85B-7929C19BFF2D}.Release|x86.ActiveCfg = Release|Any CPU
		{3694CFF0-8191-4D00-A85B-7929C19BFF2D}.Release|x86.Build.0 = Release|Any CPU
		{B300E6AD-6B1F-43B4-B51F-D80562DB245B}.Debug|Any CPU.ActiveCfg = Debug|Any CPU
		{B300E6AD-6B1F-43B4-B51F-D80562DB245B}.Debug|Any CPU.Build.0 = Debug|Any CPU
		{B300E6AD-6B1F-43B4-B51F-D80562DB245B}.Debug|ARM.ActiveCfg = Debug|Any CPU
		{B300E6AD-6B1F-43B4-B51F-D80562DB245B}.Debug|ARM.Build.0 = Debug|Any CPU
		{B300E6AD-6B1F-43B4-B51F-D80562DB245B}.Debug|ARM64.ActiveCfg = Debug|Any CPU
		{B300E6AD-6B1F-43B4-B51F-D80562DB245B}.Debug|ARM64.Build.0 = Debug|Any CPU
		{B300E6AD-6B1F-43B4-B51F-D80562DB245B}.Debug|x64.ActiveCfg = Debug|Any CPU
		{B300E6AD-6B1F-43B4-B51F-D80562DB245B}.Debug|x64.Build.0 = Debug|Any CPU
		{B300E6AD-6B1F-43B4-B51F-D80562DB245B}.Debug|x86.ActiveCfg = Debug|Any CPU
		{B300E6AD-6B1F-43B4-B51F-D80562DB245B}.Debug|x86.Build.0 = Debug|Any CPU
		{B300E6AD-6B1F-43B4-B51F-D80562DB245B}.Release|Any CPU.ActiveCfg = Release|Any CPU
		{B300E6AD-6B1F-43B4-B51F-D80562DB245B}.Release|Any CPU.Build.0 = Release|Any CPU
		{B300E6AD-6B1F-43B4-B51F-D80562DB245B}.Release|ARM.ActiveCfg = Release|Any CPU
		{B300E6AD-6B1F-43B4-B51F-D80562DB245B}.Release|ARM.Build.0 = Release|Any CPU
		{B300E6AD-6B1F-43B4-B51F-D80562DB245B}.Release|ARM64.ActiveCfg = Release|Any CPU
		{B300E6AD-6B1F-43B4-B51F-D80562DB245B}.Release|ARM64.Build.0 = Release|Any CPU
		{B300E6AD-6B1F-43B4-B51F-D80562DB245B}.Release|x64.ActiveCfg = Release|Any CPU
		{B300E6AD-6B1F-43B4-B51F-D80562DB245B}.Release|x64.Build.0 = Release|Any CPU
		{B300E6AD-6B1F-43B4-B51F-D80562DB245B}.Release|x86.ActiveCfg = Release|Any CPU
		{B300E6AD-6B1F-43B4-B51F-D80562DB245B}.Release|x86.Build.0 = Release|Any CPU
		{C46060E6-DA74-40EA-BEE5-4739D06210BC}.Debug|Any CPU.ActiveCfg = Debug|Any CPU
		{C46060E6-DA74-40EA-BEE5-4739D06210BC}.Debug|Any CPU.Build.0 = Debug|Any CPU
		{C46060E6-DA74-40EA-BEE5-4739D06210BC}.Debug|ARM.ActiveCfg = Debug|Any CPU
		{C46060E6-DA74-40EA-BEE5-4739D06210BC}.Debug|ARM.Build.0 = Debug|Any CPU
		{C46060E6-DA74-40EA-BEE5-4739D06210BC}.Debug|ARM64.ActiveCfg = Debug|Any CPU
		{C46060E6-DA74-40EA-BEE5-4739D06210BC}.Debug|ARM64.Build.0 = Debug|Any CPU
		{C46060E6-DA74-40EA-BEE5-4739D06210BC}.Debug|x64.ActiveCfg = Debug|Any CPU
		{C46060E6-DA74-40EA-BEE5-4739D06210BC}.Debug|x64.Build.0 = Debug|Any CPU
		{C46060E6-DA74-40EA-BEE5-4739D06210BC}.Debug|x86.ActiveCfg = Debug|Any CPU
		{C46060E6-DA74-40EA-BEE5-4739D06210BC}.Debug|x86.Build.0 = Debug|Any CPU
		{C46060E6-DA74-40EA-BEE5-4739D06210BC}.Release|Any CPU.ActiveCfg = Release|Any CPU
		{C46060E6-DA74-40EA-BEE5-4739D06210BC}.Release|Any CPU.Build.0 = Release|Any CPU
		{C46060E6-DA74-40EA-BEE5-4739D06210BC}.Release|ARM.ActiveCfg = Release|Any CPU
		{C46060E6-DA74-40EA-BEE5-4739D06210BC}.Release|ARM.Build.0 = Release|Any CPU
		{C46060E6-DA74-40EA-BEE5-4739D06210BC}.Release|ARM64.ActiveCfg = Release|Any CPU
		{C46060E6-DA74-40EA-BEE5-4739D06210BC}.Release|ARM64.Build.0 = Release|Any CPU
		{C46060E6-DA74-40EA-BEE5-4739D06210BC}.Release|x64.ActiveCfg = Release|Any CPU
		{C46060E6-DA74-40EA-BEE5-4739D06210BC}.Release|x64.Build.0 = Release|Any CPU
		{C46060E6-DA74-40EA-BEE5-4739D06210BC}.Release|x86.ActiveCfg = Release|Any CPU
		{C46060E6-DA74-40EA-BEE5-4739D06210BC}.Release|x86.Build.0 = Release|Any CPU
		{8B5C1B08-EE11-45C3-A6C3-40E830F2482D}.Debug|Any CPU.ActiveCfg = Debug|Any CPU
		{8B5C1B08-EE11-45C3-A6C3-40E830F2482D}.Debug|Any CPU.Build.0 = Debug|Any CPU
		{8B5C1B08-EE11-45C3-A6C3-40E830F2482D}.Debug|ARM.ActiveCfg = Debug|Any CPU
		{8B5C1B08-EE11-45C3-A6C3-40E830F2482D}.Debug|ARM.Build.0 = Debug|Any CPU
		{8B5C1B08-EE11-45C3-A6C3-40E830F2482D}.Debug|ARM64.ActiveCfg = Debug|Any CPU
		{8B5C1B08-EE11-45C3-A6C3-40E830F2482D}.Debug|ARM64.Build.0 = Debug|Any CPU
		{8B5C1B08-EE11-45C3-A6C3-40E830F2482D}.Debug|x64.ActiveCfg = Debug|Any CPU
		{8B5C1B08-EE11-45C3-A6C3-40E830F2482D}.Debug|x64.Build.0 = Debug|Any CPU
		{8B5C1B08-EE11-45C3-A6C3-40E830F2482D}.Debug|x86.ActiveCfg = Debug|Any CPU
		{8B5C1B08-EE11-45C3-A6C3-40E830F2482D}.Debug|x86.Build.0 = Debug|Any CPU
		{8B5C1B08-EE11-45C3-A6C3-40E830F2482D}.Release|Any CPU.ActiveCfg = Release|Any CPU
		{8B5C1B08-EE11-45C3-A6C3-40E830F2482D}.Release|Any CPU.Build.0 = Release|Any CPU
		{8B5C1B08-EE11-45C3-A6C3-40E830F2482D}.Release|ARM.ActiveCfg = Release|Any CPU
		{8B5C1B08-EE11-45C3-A6C3-40E830F2482D}.Release|ARM.Build.0 = Release|Any CPU
		{8B5C1B08-EE11-45C3-A6C3-40E830F2482D}.Release|ARM64.ActiveCfg = Release|Any CPU
		{8B5C1B08-EE11-45C3-A6C3-40E830F2482D}.Release|ARM64.Build.0 = Release|Any CPU
		{8B5C1B08-EE11-45C3-A6C3-40E830F2482D}.Release|x64.ActiveCfg = Release|Any CPU
		{8B5C1B08-EE11-45C3-A6C3-40E830F2482D}.Release|x64.Build.0 = Release|Any CPU
		{8B5C1B08-EE11-45C3-A6C3-40E830F2482D}.Release|x86.ActiveCfg = Release|Any CPU
		{8B5C1B08-EE11-45C3-A6C3-40E830F2482D}.Release|x86.Build.0 = Release|Any CPU
		{28CB762C-1D57-4360-93AE-65B5368ECB0D}.Debug|Any CPU.ActiveCfg = Debug|Any CPU
		{28CB762C-1D57-4360-93AE-65B5368ECB0D}.Debug|Any CPU.Build.0 = Debug|Any CPU
		{28CB762C-1D57-4360-93AE-65B5368ECB0D}.Debug|ARM.ActiveCfg = Debug|Any CPU
		{28CB762C-1D57-4360-93AE-65B5368ECB0D}.Debug|ARM.Build.0 = Debug|Any CPU
		{28CB762C-1D57-4360-93AE-65B5368ECB0D}.Debug|ARM64.ActiveCfg = Debug|Any CPU
		{28CB762C-1D57-4360-93AE-65B5368ECB0D}.Debug|ARM64.Build.0 = Debug|Any CPU
		{28CB762C-1D57-4360-93AE-65B5368ECB0D}.Debug|x64.ActiveCfg = Debug|Any CPU
		{28CB762C-1D57-4360-93AE-65B5368ECB0D}.Debug|x64.Build.0 = Debug|Any CPU
		{28CB762C-1D57-4360-93AE-65B5368ECB0D}.Debug|x86.ActiveCfg = Debug|Any CPU
		{28CB762C-1D57-4360-93AE-65B5368ECB0D}.Debug|x86.Build.0 = Debug|Any CPU
		{28CB762C-1D57-4360-93AE-65B5368ECB0D}.Release|Any CPU.ActiveCfg = Release|Any CPU
		{28CB762C-1D57-4360-93AE-65B5368ECB0D}.Release|Any CPU.Build.0 = Release|Any CPU
		{28CB762C-1D57-4360-93AE-65B5368ECB0D}.Release|ARM.ActiveCfg = Release|Any CPU
		{28CB762C-1D57-4360-93AE-65B5368ECB0D}.Release|ARM.Build.0 = Release|Any CPU
		{28CB762C-1D57-4360-93AE-65B5368ECB0D}.Release|ARM64.ActiveCfg = Release|Any CPU
		{28CB762C-1D57-4360-93AE-65B5368ECB0D}.Release|ARM64.Build.0 = Release|Any CPU
		{28CB762C-1D57-4360-93AE-65B5368ECB0D}.Release|x64.ActiveCfg = Release|Any CPU
		{28CB762C-1D57-4360-93AE-65B5368ECB0D}.Release|x64.Build.0 = Release|Any CPU
		{28CB762C-1D57-4360-93AE-65B5368ECB0D}.Release|x86.ActiveCfg = Release|Any CPU
		{28CB762C-1D57-4360-93AE-65B5368ECB0D}.Release|x86.Build.0 = Release|Any CPU
	EndGlobalSection
	GlobalSection(SolutionProperties) = preSolution
		HideSolutionNode = FALSE
	EndGlobalSection
	GlobalSection(NestedProjects) = preSolution
		{69CAB04E-32D1-4EB9-AFA3-C796FABB8611} = {23E81EEE-047C-44A0-82E2-0155BC4AE7A2}
		{3694CFF0-8191-4D00-A85B-7929C19BFF2D} = {47F9435B-499F-4A23-9C55-D6E5647016B7}
		{8B5C1B08-EE11-45C3-A6C3-40E830F2482D} = {47F9435B-499F-4A23-9C55-D6E5647016B7}
	EndGlobalSection
	GlobalSection(ExtensibilityGlobals) = postSolution
		SolutionGuid = {72F0D1A7-4BDE-42B2-A5A3-4676ECF0D841}
	EndGlobalSection
EndGlobal
